// !$*UTF8*$!
{
	archiveVersion = 1;
	classes = {
	};
	objectVersion = 46;
	objects = {

/* Begin PBXBuildFile section */
		48F274751CDB23430024C906 /* AppDelegate.swift in Sources */ = {isa = PBXBuildFile; fileRef = 48F274741CDB23430024C906 /* AppDelegate.swift */; };
		48F274771CDB23430024C906 /* ViewController.swift in Sources */ = {isa = PBXBuildFile; fileRef = 48F274761CDB23430024C906 /* ViewController.swift */; };
		48F2747A1CDB23430024C906 /* Main.storyboard in Resources */ = {isa = PBXBuildFile; fileRef = 48F274781CDB23430024C906 /* Main.storyboard */; };
		48F2747C1CDB23430024C906 /* Assets.xcassets in Resources */ = {isa = PBXBuildFile; fileRef = 48F2747B1CDB23430024C906 /* Assets.xcassets */; };
		48F2747F1CDB23430024C906 /* LaunchScreen.storyboard in Resources */ = {isa = PBXBuildFile; fileRef = 48F2747D1CDB23430024C906 /* LaunchScreen.storyboard */; };
		48F2748A1CDB23430024C906 /* __Tests.swift in Sources */ = {isa = PBXBuildFile; fileRef = 48F274891CDB23430024C906 /* __Tests.swift */; };
		48F274951CDB23430024C906 /* __UITests.swift in Sources */ = {isa = PBXBuildFile; fileRef = 48F274941CDB23430024C906 /* __UITests.swift */; };
/* End PBXBuildFile section */

/* Begin PBXContainerItemProxy section */
		48F274861CDB23430024C906 /* PBXContainerItemProxy */ = {
			isa = PBXContainerItemProxy;
			containerPortal = 48F274691CDB23430024C906 /* Project object */;
			proxyType = 1;
			remoteGlobalIDString = 48F274701CDB23430024C906;
			remoteInfo = "闭包";
		};
		48F274911CDB23430024C906 /* PBXContainerItemProxy */ = {
			isa = PBXContainerItemProxy;
			containerPortal = 48F274691CDB23430024C906 /* Project object */;
			proxyType = 1;
			remoteGlobalIDString = 48F274701CDB23430024C906;
			remoteInfo = "闭包";
		};
/* End PBXContainerItemProxy section */

/* Begin PBXFileReference section */
		48F274711CDB23430024C906 /* 闭包.app */ = {isa = PBXFileReference; explicitFileType = wrapper.application; includeInIndex = 0; path = "闭包.app"; sourceTree = BUILT_PRODUCTS_DIR; };
		48F274741CDB23430024C906 /* AppDelegate.swift */ = {isa = PBXFileReference; lastKnownFileType = sourcecode.swift; path = AppDelegate.swift; sourceTree = "<group>"; };
		48F274761CDB23430024C906 /* ViewController.swift */ = {isa = PBXFileReference; lastKnownFileType = sourcecode.swift; path = ViewController.swift; sourceTree = "<group>"; };
		48F274791CDB23430024C906 /* Base */ = {isa = PBXFileReference; lastKnownFileType = file.storyboard; name = Base; path = Base.lproj/Main.storyboard; sourceTree = "<group>"; };
		48F2747B1CDB23430024C906 /* Assets.xcassets */ = {isa = PBXFileReference; lastKnownFileType = folder.assetcatalog; path = Assets.xcassets; sourceTree = "<group>"; };
		48F2747E1CDB23430024C906 /* Base */ = {isa = PBXFileReference; lastKnownFileType = file.storyboard; name = Base; path = Base.lproj/LaunchScreen.storyboard; sourceTree = "<group>"; };
		48F274801CDB23430024C906 /* Info.plist */ = {isa = PBXFileReference; lastKnownFileType = text.plist.xml; path = Info.plist; sourceTree = "<group>"; };
		48F274851CDB23430024C906 /* 闭包Tests.xctest */ = {isa = PBXFileReference; explicitFileType = wrapper.cfbundle; includeInIndex = 0; path = "闭包Tests.xctest"; sourceTree = BUILT_PRODUCTS_DIR; };
		48F274891CDB23430024C906 /* __Tests.swift */ = {isa = PBXFileReference; lastKnownFileType = sourcecode.swift; path = __Tests.swift; sourceTree = "<group>"; };
		48F2748B1CDB23430024C906 /* Info.plist */ = {isa = PBXFileReference; lastKnownFileType = text.plist.xml; path = Info.plist; sourceTree = "<group>"; };
		48F274901CDB23430024C906 /* 闭包UITests.xctest */ = {isa = PBXFileReference; explicitFileType = wrapper.cfbundle; includeInIndex = 0; path = "闭包UITests.xctest"; sourceTree = BUILT_PRODUCTS_DIR; };
		48F274941CDB23430024C906 /* __UITests.swift */ = {isa = PBXFileReference; lastKnownFileType = sourcecode.swift; path = __UITests.swift; sourceTree = "<group>"; };
		48F274961CDB23430024C906 /* Info.plist */ = {isa = PBXFileReference; lastKnownFileType = text.plist.xml; path = Info.plist; sourceTree = "<group>"; };
/* End PBXFileReference section */

/* Begin PBXFrameworksBuildPhase section */
		48F2746E1CDB23430024C906 /* Frameworks */ = {
			isa = PBXFrameworksBuildPhase;
			buildActionMask = 2147483647;
			files = (
			);
			runOnlyForDeploymentPostprocessing = 0;
		};
		48F274821CDB23430024C906 /* Frameworks */ = {
			isa = PBXFrameworksBuildPhase;
			buildActionMask = 2147483647;
			files = (
			);
			runOnlyForDeploymentPostprocessing = 0;
		};
		48F2748D1CDB23430024C906 /* Frameworks */ = {
			isa = PBXFrameworksBuildPhase;
			buildActionMask = 2147483647;
			files = (
			);
			runOnlyForDeploymentPostprocessing = 0;
		};
/* End PBXFrameworksBuildPhase section */

/* Begin PBXGroup section */
		48F274681CDB23430024C906 = {
			isa = PBXGroup;
			children = (
				48F274731CDB23430024C906 /* 闭包 */,
				48F274881CDB23430024C906 /* 闭包Tests */,
				48F274931CDB23430024C906 /* 闭包UITests */,
				48F274721CDB23430024C906 /* Products */,
			);
			sourceTree = "<group>";
		};
		48F274721CDB23430024C906 /* Products */ = {
			isa = PBXGroup;
			children = (
				48F274711CDB23430024C906 /* 闭包.app */,
				48F274851CDB23430024C906 /* 闭包Tests.xctest */,
				48F274901CDB23430024C906 /* 闭包UITests.xctest */,
			);
			name = Products;
			sourceTree = "<group>";
		};
		48F274731CDB23430024C906 /* 闭包 */ = {
			isa = PBXGroup;
			children = (
				48F274741CDB23430024C906 /* AppDelegate.swift */,
				48F274761CDB23430024C906 /* ViewController.swift */,
				48F274781CDB23430024C906 /* Main.storyboard */,
				48F2747B1CDB23430024C906 /* Assets.xcassets */,
				48F2747D1CDB23430024C906 /* LaunchScreen.storyboard */,
				48F274801CDB23430024C906 /* Info.plist */,
			);
			path = "闭包";
			sourceTree = "<group>";
		};
		48F274881CDB23430024C906 /* 闭包Tests */ = {
			isa = PBXGroup;
			children = (
				48F274891CDB23430024C906 /* __Tests.swift */,
				48F2748B1CDB23430024C906 /* Info.plist */,
			);
			path = "闭包Tests";
			sourceTree = "<group>";
		};
		48F274931CDB23430024C906 /* 闭包UITests */ = {
			isa = PBXGroup;
			children = (
				48F274941CDB23430024C906 /* __UITests.swift */,
				48F274961CDB23430024C906 /* Info.plist */,
			);
			path = "闭包UITests";
			sourceTree = "<group>";
		};
/* End PBXGroup section */

/* Begin PBXNativeTarget section */
		48F274701CDB23430024C906 /* 闭包 */ = {
			isa = PBXNativeTarget;
			buildConfigurationList = 48F274991CDB23430024C906 /* Build configuration list for PBXNativeTarget "闭包" */;
			buildPhases = (
				48F2746D1CDB23430024C906 /* Sources */,
				48F2746E1CDB23430024C906 /* Frameworks */,
				48F2746F1CDB23430024C906 /* Resources */,
			);
			buildRules = (
			);
			dependencies = (
			);
			name = "闭包";
			productName = "闭包";
			productReference = 48F274711CDB23430024C906 /* 闭包.app */;
			productType = "com.apple.product-type.application";
		};
		48F274841CDB23430024C906 /* 闭包Tests */ = {
			isa = PBXNativeTarget;
			buildConfigurationList = 48F2749C1CDB23430024C906 /* Build configuration list for PBXNativeTarget "闭包Tests" */;
			buildPhases = (
				48F274811CDB23430024C906 /* Sources */,
				48F274821CDB23430024C906 /* Frameworks */,
				48F274831CDB23430024C906 /* Resources */,
			);
			buildRules = (
			);
			dependencies = (
				48F274871CDB23430024C906 /* PBXTargetDependency */,
			);
			name = "闭包Tests";
			productName = "闭包Tests";
			productReference = 48F274851CDB23430024C906 /* 闭包Tests.xctest */;
			productType = "com.apple.product-type.bundle.unit-test";
		};
		48F2748F1CDB23430024C906 /* 闭包UITests */ = {
			isa = PBXNativeTarget;
			buildConfigurationList = 48F2749F1CDB23430024C906 /* Build configuration list for PBXNativeTarget "闭包UITests" */;
			buildPhases = (
				48F2748C1CDB23430024C906 /* Sources */,
				48F2748D1CDB23430024C906 /* Frameworks */,
				48F2748E1CDB23430024C906 /* Resources */,
			);
			buildRules = (
			);
			dependencies = (
				48F274921CDB23430024C906 /* PBXTargetDependency */,
			);
			name = "闭包UITests";
			productName = "闭包UITests";
			productReference = 48F274901CDB23430024C906 /* 闭包UITests.xctest */;
			productType = "com.apple.product-type.bundle.ui-testing";
		};
/* End PBXNativeTarget section */

/* Begin PBXProject section */
		48F274691CDB23430024C906 /* Project object */ = {
			isa = PBXProject;
			attributes = {
				LastSwiftUpdateCheck = 0730;
				LastUpgradeCheck = 0730;
				ORGANIZATIONNAME = Godzl;
				TargetAttributes = {
					48F274701CDB23430024C906 = {
						CreatedOnToolsVersion = 7.3;
					};
					48F274841CDB23430024C906 = {
						CreatedOnToolsVersion = 7.3;
						TestTargetID = 48F274701CDB23430024C906;
					};
					48F2748F1CDB23430024C906 = {
						CreatedOnToolsVersion = 7.3;
						TestTargetID = 48F274701CDB23430024C906;
					};
				};
			};
			buildConfigurationList = 48F2746C1CDB23430024C906 /* Build configuration list for PBXProject "闭包" */;
			compatibilityVersion = "Xcode 3.2";
			developmentRegion = English;
			hasScannedForEncodings = 0;
			knownRegions = (
				en,
				Base,
			);
			mainGroup = 48F274681CDB23430024C906;
			productRefGroup = 48F274721CDB23430024C906 /* Products */;
			projectDirPath = "";
			projectRoot = "";
			targets = (
				48F274701CDB23430024C906 /* 闭包 */,
				48F274841CDB23430024C906 /* 闭包Tests */,
				48F2748F1CDB23430024C906 /* 闭包UITests */,
			);
		};
/* End PBXProject section */

/* Begin PBXResourcesBuildPhase section */
		48F2746F1CDB23430024C906 /* Resources */ = {
			isa = PBXResourcesBuildPhase;
			buildActionMask = 2147483647;
			files = (
				48F2747F1CDB23430024C906 /* LaunchScreen.storyboard in Resources */,
				48F2747C1CDB23430024C906 /* Assets.xcassets in Resources */,
				48F2747A1CDB23430024C906 /* Main.storyboard in Resources */,
			);
			runOnlyForDeploymentPostprocessing = 0;
		};
		48F274831CDB23430024C906 /* Resources */ = {
			isa = PBXResourcesBuildPhase;
			buildActionMask = 2147483647;
			files = (
			);
			runOnlyForDeploymentPostprocessing = 0;
		};
		48F2748E1CDB23430024C906 /* Resources */ = {
			isa = PBXResourcesBuildPhase;
			buildActionMask = 2147483647;
			files = (
			);
			runOnlyForDeploymentPostprocessing = 0;
		};
/* End PBXResourcesBuildPhase section */

/* Begin PBXSourcesBuildPhase section */
		48F2746D1CDB23430024C906 /* Sources */ = {
			isa = PBXSourcesBuildPhase;
			buildActionMask = 2147483647;
			files = (
				48F274771CDB23430024C906 /* ViewController.swift in Sources */,
				48F274751CDB23430024C906 /* AppDelegate.swift in Sources */,
			);
			runOnlyForDeploymentPostprocessing = 0;
		};
		48F274811CDB23430024C906 /* Sources */ = {
			isa = PBXSourcesBuildPhase;
			buildActionMask = 2147483647;
			files = (
				48F2748A1CDB23430024C906 /* __Tests.swift in Sources */,
			);
			runOnlyForDeploymentPostprocessing = 0;
		};
		48F2748C1CDB23430024C906 /* Sources */ = {
			isa = PBXSourcesBuildPhase;
			buildActionMask = 2147483647;
			files = (
				48F274951CDB23430024C906 /* __UITests.swift in Sources */,
			);
			runOnlyForDeploymentPostprocessing = 0;
		};
/* End PBXSourcesBuildPhase section */

/* Begin PBXTargetDependency section */
		48F274871CDB23430024C906 /* PBXTargetDependency */ = {
			isa = PBXTargetDependency;
			target = 48F274701CDB23430024C906 /* 闭包 */;
			targetProxy = 48F274861CDB23430024C906 /* PBXContainerItemProxy */;
		};
		48F274921CDB23430024C906 /* PBXTargetDependency */ = {
			isa = PBXTargetDependency;
			target = 48F274701CDB23430024C906 /* 闭包 */;
			targetProxy = 48F274911CDB23430024C906 /* PBXContainerItemProxy */;
		};
/* End PBXTargetDependency section */

/* Begin PBXVariantGroup section */
		48F274781CDB23430024C906 /* Main.storyboard */ = {
			isa = PBXVariantGroup;
			children = (
				48F274791CDB23430024C906 /* Base */,
			);
			name = Main.storyboard;
			sourceTree = "<group>";
		};
		48F2747D1CDB23430024C906 /* LaunchScreen.storyboard */ = {
			isa = PBXVariantGroup;
			children = (
				48F2747E1CDB23430024C906 /* Base */,
			);
			name = LaunchScreen.storyboard;
			sourceTree = "<group>";
		};
/* End PBXVariantGroup section */

/* Begin XCBuildConfiguration section */
		48F274971CDB23430024C906 /* Debug */ = {
			isa = XCBuildConfiguration;
			buildSettings = {
				ALWAYS_SEARCH_USER_PATHS = NO;
				CLANG_ANALYZER_NONNULL = YES;
				CLANG_CXX_LANGUAGE_STANDARD = "gnu++0x";
				CLANG_CXX_LIBRARY = "libc++";
				CLANG_ENABLE_MODULES = YES;
				CLANG_ENABLE_OBJC_ARC = YES;
				CLANG_WARN_BOOL_CONVERSION = YES;
				CLANG_WARN_CONSTANT_CONVERSION = YES;
				CLANG_WARN_DIRECT_OBJC_ISA_USAGE = YES_ERROR;
				CLANG_WARN_EMPTY_BODY = YES;
				CLANG_WARN_ENUM_CONVERSION = YES;
				CLANG_WARN_INT_CONVERSION = YES;
				CLANG_WARN_OBJC_ROOT_CLASS = YES_ERROR;
				CLANG_WARN_UNREACHABLE_CODE = YES;
				CLANG_WARN__DUPLICATE_METHOD_MATCH = YES;
				"CODE_SIGN_IDENTITY[sdk=iphoneos*]" = "iPhone Developer";
				COPY_PHASE_STRIP = NO;
				DEBUG_INFORMATION_FORMAT = dwarf;
				ENABLE_STRICT_OBJC_MSGSEND = YES;
				ENABLE_TESTABILITY = YES;
				GCC_C_LANGUAGE_STANDARD = gnu99;
				GCC_DYNAMIC_NO_PIC = NO;
				GCC_NO_COMMON_BLOCKS = YES;
				GCC_OPTIMIZATION_LEVEL = 0;
				GCC_PREPROCESSOR_DEFINITIONS = (
					"DEBUG=1",
					"$(inherited)",
				);
				GCC_WARN_64_TO_32_BIT_CONVERSION = YES;
				GCC_WARN_ABOUT_RETURN_TYPE = YES_ERROR;
				GCC_WARN_UNDECLARED_SELECTOR = YES;
				GCC_WARN_UNINITIALIZED_AUTOS = YES_AGGRESSIVE;
				GCC_WARN_UNUSED_FUNCTION = YES;
				GCC_WARN_UNUSED_VARIABLE = YES;
				IPHONEOS_DEPLOYMENT_TARGET = 9.3;
				MTL_ENABLE_DEBUG_INFO = YES;
				ONLY_ACTIVE_ARCH = YES;
				SDKROOT = iphoneos;
				SWIFT_OPTIMIZATION_LEVEL = "-Onone";
				TARGETED_DEVICE_FAMILY = "1,2";
			};
			name = Debug;
		};
		48F274981CDB23430024C906 /* Release */ = {
			isa = XCBuildConfiguration;
			buildSettings = {
				ALWAYS_SEARCH_USER_PATHS = NO;
				CLANG_ANALYZER_NONNULL = YES;
				CLANG_CXX_LANGUAGE_STANDARD = "gnu++0x";
				CLANG_CXX_LIBRARY = "libc++";
				CLANG_ENABLE_MODULES = YES;
				CLANG_ENABLE_OBJC_ARC = YES;
				CLANG_WARN_BOOL_CONVERSION = YES;
				CLANG_WARN_CONSTANT_CONVERSION = YES;
				CLANG_WARN_DIRECT_OBJC_ISA_USAGE = YES_ERROR;
				CLANG_WARN_EMPTY_BODY = YES;
				CLANG_WARN_ENUM_CONVERSION = YES;
				CLANG_WARN_INT_CONVERSION = YES;
				CLANG_WARN_OBJC_ROOT_CLASS = YES_ERROR;
				CLANG_WARN_UNREACHABLE_CODE = YES;
				CLANG_WARN__DUPLICATE_METHOD_MATCH = YES;
				"CODE_SIGN_IDENTITY[sdk=iphoneos*]" = "iPhone Developer";
				COPY_PHASE_STRIP = NO;
				DEBUG_INFORMATION_FORMAT = "dwarf-with-dsym";
				ENABLE_NS_ASSERTIONS = NO;
				ENABLE_STRICT_OBJC_MSGSEND = YES;
				GCC_C_LANGUAGE_STANDARD = gnu99;
				GCC_NO_COMMON_BLOCKS = YES;
				GCC_WARN_64_TO_32_BIT_CONVERSION = YES;
				GCC_WARN_ABOUT_RETURN_TYPE = YES_ERROR;
				GCC_WARN_UNDECLARED_SELECTOR = YES;
				GCC_WARN_UNINITIALIZED_AUTOS = YES_AGGRESSIVE;
				GCC_WARN_UNUSED_FUNCTION = YES;
				GCC_WARN_UNUSED_VARIABLE = YES;
				IPHONEOS_DEPLOYMENT_TARGET = 9.3;
				MTL_ENABLE_DEBUG_INFO = NO;
				SDKROOT = iphoneos;
				TARGETED_DEVICE_FAMILY = "1,2";
				VALIDATE_PRODUCT = YES;
			};
			name = Release;
		};
		48F2749A1CDB23430024C906 /* Debug */ = {
			isa = XCBuildConfiguration;
			buildSettings = {
				ASSETCATALOG_COMPILER_APPICON_NAME = AppIcon;
				INFOPLIST_FILE = "闭包/Info.plist";
				LD_RUNPATH_SEARCH_PATHS = "$(inherited) @executable_path/Frameworks";
				PRODUCT_BUNDLE_IDENTIFIER = "com.sunflower.--";
				PRODUCT_NAME = "$(TARGET_NAME)";
			};
			name = Debug;
		};
		48F2749B1CDB23430024C906 /* Release */ = {
			isa = XCBuildConfiguration;
			buildSettings = {
				ASSETCATALOG_COMPILER_APPICON_NAME = AppIcon;
				INFOPLIST_FILE = "闭包/Info.plist";
				LD_RUNPATH_SEARCH_PATHS = "$(inherited) @executable_path/Frameworks";
				PRODUCT_BUNDLE_IDENTIFIER = "com.sunflower.--";
				PRODUCT_NAME = "$(TARGET_NAME)";
			};
			name = Release;
		};
		48F2749D1CDB23430024C906 /* Debug */ = {
			isa = XCBuildConfiguration;
			buildSettings = {
				BUNDLE_LOADER = "$(TEST_HOST)";
				INFOPLIST_FILE = "闭包Tests/Info.plist";
				LD_RUNPATH_SEARCH_PATHS = "$(inherited) @executable_path/Frameworks @loader_path/Frameworks";
				PRODUCT_BUNDLE_IDENTIFIER = "com.sunflower.--Tests";
				PRODUCT_NAME = "$(TARGET_NAME)";
				TEST_HOST = "$(BUILT_PRODUCTS_DIR)/闭包.app/闭包";
			};
			name = Debug;
		};
		48F2749E1CDB23430024C906 /* Release */ = {
			isa = XCBuildConfiguration;
			buildSettings = {
				BUNDLE_LOADER = "$(TEST_HOST)";
				INFOPLIST_FILE = "闭包Tests/Info.plist";
				LD_RUNPATH_SEARCH_PATHS = "$(inherited) @executable_path/Frameworks @loader_path/Frameworks";
				PRODUCT_BUNDLE_IDENTIFIER = "com.sunflower.--Tests";
				PRODUCT_NAME = "$(TARGET_NAME)";
				TEST_HOST = "$(BUILT_PRODUCTS_DIR)/闭包.app/闭包";
			};
			name = Release;
		};
		48F274A01CDB23430024C906 /* Debug */ = {
			isa = XCBuildConfiguration;
			buildSettings = {
				INFOPLIST_FILE = "闭包UITests/Info.plist";
				LD_RUNPATH_SEARCH_PATHS = "$(inherited) @executable_path/Frameworks @loader_path/Frameworks";
				PRODUCT_BUNDLE_IDENTIFIER = "com.sunflower.--UITests";
				PRODUCT_NAME = "$(TARGET_NAME)";
				TEST_TARGET_NAME = "闭包";
			};
			name = Debug;
		};
		48F274A11CDB23430024C906 /* Release */ = {
			isa = XCBuildConfiguration;
			buildSettings = {
				INFOPLIST_FILE = "闭包UITests/Info.plist";
				LD_RUNPATH_SEARCH_PATHS = "$(inherited) @executable_path/Frameworks @loader_path/Frameworks";
				PRODUCT_BUNDLE_IDENTIFIER = "com.sunflower.--UITests";
				PRODUCT_NAME = "$(TARGET_NAME)";
				TEST_TARGET_NAME = "闭包";
			};
			name = Release;
		};
/* End XCBuildConfiguration section */

/* Begin XCConfigurationList section */
		48F2746C1CDB23430024C906 /* Build configuration list for PBXProject "闭包" */ = {
			isa = XCConfigurationList;
			buildConfigurations = (
				48F274971CDB23430024C906 /* Debug */,
				48F274981CDB23430024C906 /* Release */,
			);
			defaultConfigurationIsVisible = 0;
			defaultConfigurationName = Release;
		};
		48F274991CDB23430024C906 /* Build configuration list for PBXNativeTarget "闭包" */ = {
			isa = XCConfigurationList;
			buildConfigurations = (
				48F2749A1CDB23430024C906 /* Debug */,
				48F2749B1CDB23430024C906 /* Release */,
			);
			defaultConfigurationIsVisible = 0;
		};
		48F2749C1CDB23430024C906 /* Build configuration list for PBXNativeTarget "闭包Tests" */ = {
			isa = XCConfigurationList;
			buildConfigurations = (
				48F2749D1CDB23430024C906 /* Debug */,
				48F2749E1CDB23430024C906 /* Release */,
			);
			defaultConfigurationIsVisible = 0;
		};
		48F2749F1CDB23430024C906 /* Build configuration list for PBXNativeTarget "闭包UITests" */ = {
			isa = XCConfigurationList;
			buildConfigurations = (
				48F274A01CDB23430024C906 /* Debug */,
				48F274A11CDB23430024C906 /* Release */,
			);
			defaultConfigurationIsVisible = 0;
		};
/* End XCConfigurationList section */
	};
	rootObject = 48F274691CDB23430024C906 /* Project object */;
}
